
Microsoft Visual Studio Solution File, Format Version 12.00
# Visual Studio Version 17
VisualStudioVersion = 17.6.33815.320
MinimumVisualStudioVersion = 10.0.40219.1
Project("{FAE04EC0-301F-11D3-BF4B-00C04F79EFBC}") = "dortislem1", "dortislem1.csproj", "{BB5428B5-0391-43BF-9642-F25066F7FACA}"
EndProject
Global
	GlobalSection(SolutionConfigurationPlatforms) = preSolution
		Debug|Any CPU = Debug|Any CPU
		Release|Any CPU = Release|Any CPU
	EndGlobalSection
	GlobalSection(ProjectConfigurationPlatforms) = postSolution
		{BB5428B5-0391-43BF-9642-F25066F7FACA}.Debug|Any CPU.ActiveCfg = Debug|Any CPU
		{BB5428B5-0391-43BF-9642-F25066F7FACA}.Debug|Any CPU.Build.0 = Debug|Any CPU
		{BB5428B5-0391-43BF-9642-F25066F7FACA}.Release|Any CPU.ActiveCfg = Release|Any CPU
		{BB5428B5-0391-43BF-9642-F25066F7FACA}.Release|Any CPU.Build.0 = Release|Any CPU
	EndGlobalSection
	GlobalSection(SolutionProperties) = preSolution
		HideSolutionNode = FALSE
	EndGlobalSection
	GlobalSection(ExtensibilityGlobals) = postSolution
		SolutionGuid = {9EFD4335-9E0F-46F8-A4B8-61DEFAB728D8}
	EndGlobalSection
EndGlobal
